// !$*UTF8*$!
{
	archiveVersion = 1;
	classes = {
	};
	objectVersion = 55;
	objects = {

/* Begin PBXBuildFile section */
		7955C61428DD85E9007D62D1 /* P_ViewController.swift in Sources */ = {isa = PBXBuildFile; fileRef = 7955C61328DD85E9007D62D1 /* P_ViewController.swift */; };
		7955C61928DD8BCC007D62D1 /* DI_ViewController.swift in Sources */ = {isa = PBXBuildFile; fileRef = 7955C61828DD8BCC007D62D1 /* DI_ViewController.swift */; };
		7955C62028DD9351007D62D1 /* SnapKit in Frameworks */ = {isa = PBXBuildFile; productRef = 7955C61F28DD9351007D62D1 /* SnapKit */; };
		798A67BF28D052140018F9B8 /* PhoneNumbers.json in Resources */ = {isa = PBXBuildFile; fileRef = 798A67BE28D052140018F9B8 /* PhoneNumbers.json */; };
		798A67C128D054940018F9B8 /* Webservices.swift in Sources */ = {isa = PBXBuildFile; fileRef = 798A67C028D054940018F9B8 /* Webservices.swift */; };
		798A67C328D054C90018F9B8 /* Network.swift in Sources */ = {isa = PBXBuildFile; fileRef = 798A67C228D054C90018F9B8 /* Network.swift */; };
		798A67C528D054D00018F9B8 /* NetworkError.swift in Sources */ = {isa = PBXBuildFile; fileRef = 798A67C428D054D00018F9B8 /* NetworkError.swift */; };
		798A67C728D09F0A0018F9B8 /* Event.swift in Sources */ = {isa = PBXBuildFile; fileRef = 798A67C628D09F0A0018F9B8 /* Event.swift */; };
		798A67C928D09F420018F9B8 /* PhoneNumbers.swift in Sources */ = {isa = PBXBuildFile; fileRef = 798A67C828D09F420018F9B8 /* PhoneNumbers.swift */; };
		798A67CB28D0A3180018F9B8 /* PhoneNumberTableViewCell.swift in Sources */ = {isa = PBXBuildFile; fileRef = 798A67CA28D0A3180018F9B8 /* PhoneNumberTableViewCell.swift */; };
		79AC054028DD730000790053 /* API.docc in Sources */ = {isa = PBXBuildFile; fileRef = 79AC053F28DD730000790053 /* API.docc */; };
		79AC054128DD730000790053 /* API.h in Headers */ = {isa = PBXBuildFile; fileRef = 79AC053E28DD730000790053 /* API.h */; settings = {ATTRIBUTES = (Public, ); }; };
		79AC054428DD730000790053 /* API.framework in Frameworks */ = {isa = PBXBuildFile; fileRef = 79AC053C28DD730000790053 /* API.framework */; };
		79AC054528DD730000790053 /* API.framework in Embed Frameworks */ = {isa = PBXBuildFile; fileRef = 79AC053C28DD730000790053 /* API.framework */; settings = {ATTRIBUTES = (CodeSignOnCopy, RemoveHeadersOnCopy, ); }; };
		79AC054D28DD742900790053 /* APICaller.swift in Sources */ = {isa = PBXBuildFile; fileRef = 79AC054C28DD742900790053 /* APICaller.swift */; };
		79AC055B28DD757900790053 /* APIRealted.framework in Frameworks */ = {isa = PBXBuildFile; fileRef = 79AC055328DD757900790053 /* APIRealted.framework */; };
		79AC055C28DD757900790053 /* APIRealted.framework in Embed Frameworks */ = {isa = PBXBuildFile; fileRef = 79AC055328DD757900790053 /* APIRealted.framework */; settings = {ATTRIBUTES = (CodeSignOnCopy, RemoveHeadersOnCopy, ); }; };
		79AC056B28DD765000790053 /* MyAppUIKit.docc in Sources */ = {isa = PBXBuildFile; fileRef = 79AC056A28DD765000790053 /* MyAppUIKit.docc */; };
		79AC056C28DD765000790053 /* MyAppUIKit.h in Headers */ = {isa = PBXBuildFile; fileRef = 79AC056928DD765000790053 /* MyAppUIKit.h */; settings = {ATTRIBUTES = (Public, ); }; };
		79AC056F28DD765000790053 /* MyAppUIKit.framework in Frameworks */ = {isa = PBXBuildFile; fileRef = 79AC056728DD765000790053 /* MyAppUIKit.framework */; };
		79AC057028DD765000790053 /* MyAppUIKit.framework in Embed Frameworks */ = {isa = PBXBuildFile; fileRef = 79AC056728DD765000790053 /* MyAppUIKit.framework */; settings = {ATTRIBUTES = (CodeSignOnCopy, RemoveHeadersOnCopy, ); }; };
		79AC057528DD765E00790053 /* CoursesViewController.swift in Sources */ = {isa = PBXBuildFile; fileRef = 79AC057428DD765E00790053 /* CoursesViewController.swift */; };
		79B3E9D328DB17F9007F0672 /* MVVM_ViewController.swift in Sources */ = {isa = PBXBuildFile; fileRef = 79B3E9D228DB17F9007F0672 /* MVVM_ViewController.swift */; };
		79B3E9DB28DB18D0007F0672 /* APIService.swift in Sources */ = {isa = PBXBuildFile; fileRef = 79B3E9DA28DB18D0007F0672 /* APIService.swift */; };
		79B3E9DD28DB1907007F0672 /* Product.swift in Sources */ = {isa = PBXBuildFile; fileRef = 79B3E9DC28DB1907007F0672 /* Product.swift */; };
		79B3E9DF28DB193A007F0672 /* ProductViewModel.swift in Sources */ = {isa = PBXBuildFile; fileRef = 79B3E9DE28DB193A007F0672 /* ProductViewModel.swift */; };
		79B3E9E128DB197A007F0672 /* ProductTableViewDataSource.swift in Sources */ = {isa = PBXBuildFile; fileRef = 79B3E9E028DB197A007F0672 /* ProductTableViewDataSource.swift */; };
		79B3E9E328DB1997007F0672 /* ProductTableViewCell.swift in Sources */ = {isa = PBXBuildFile; fileRef = 79B3E9E228DB1997007F0672 /* ProductTableViewCell.swift */; };
		79B3E9E728DB1C89007F0672 /* Extension.swift in Sources */ = {isa = PBXBuildFile; fileRef = 79B3E9E628DB1C89007F0672 /* Extension.swift */; };
		79B3E9EA28DB1D95007F0672 /* SnapKit in Frameworks */ = {isa = PBXBuildFile; productRef = 79B3E9E928DB1D95007F0672 /* SnapKit */; };
		79B3E9EF28DBE527007F0672 /* MVC_ViewController.swift in Sources */ = {isa = PBXBuildFile; fileRef = 79B3E9EE28DBE527007F0672 /* MVC_ViewController.swift */; };
		79B3E9F128DBE5C2007F0672 /* InputTextField.swift in Sources */ = {isa = PBXBuildFile; fileRef = 79B3E9F028DBE5C2007F0672 /* InputTextField.swift */; };
		79B3E9F328DBE662007F0672 /* LimitTextField.swift in Sources */ = {isa = PBXBuildFile; fileRef = 79B3E9F228DBE662007F0672 /* LimitTextField.swift */; };
		79B3E9F528DBE68F007F0672 /* PaddedTextField.swift in Sources */ = {isa = PBXBuildFile; fileRef = 79B3E9F428DBE68F007F0672 /* PaddedTextField.swift */; };
		79B3E9F728DBEB78007F0672 /* ProductStackView.swift in Sources */ = {isa = PBXBuildFile; fileRef = 79B3E9F628DBEB78007F0672 /* ProductStackView.swift */; };
		79B3E9FC28DC03FA007F0672 /* MVVM_ViewController_.swift in Sources */ = {isa = PBXBuildFile; fileRef = 79B3E9FB28DC03FA007F0672 /* MVVM_ViewController_.swift */; };
		79B3E9FF28DC0439007F0672 /* MVVM_ViewModel.swift in Sources */ = {isa = PBXBuildFile; fileRef = 79B3E9FE28DC0439007F0672 /* MVVM_ViewModel.swift */; };
		79B3EA0228DC4EC9007F0672 /* UIControl_UITextField.swift in Sources */ = {isa = PBXBuildFile; fileRef = 79B3EA0128DC4EC9007F0672 /* UIControl_UITextField.swift */; };
		79EDC45B28BBAB6C0061524A /* AppDelegate.swift in Sources */ = {isa = PBXBuildFile; fileRef = 79EDC45A28BBAB6C0061524A /* AppDelegate.swift */; };
		79EDC45D28BBAB6C0061524A /* SceneDelegate.swift in Sources */ = {isa = PBXBuildFile; fileRef = 79EDC45C28BBAB6C0061524A /* SceneDelegate.swift */; };
		79EDC45F28BBAB6C0061524A /* ViewController.swift in Sources */ = {isa = PBXBuildFile; fileRef = 79EDC45E28BBAB6C0061524A /* ViewController.swift */; };
		79EDC46228BBAB6C0061524A /* Main.storyboard in Resources */ = {isa = PBXBuildFile; fileRef = 79EDC46028BBAB6C0061524A /* Main.storyboard */; };
		79EDC46428BBAB6E0061524A /* Assets.xcassets in Resources */ = {isa = PBXBuildFile; fileRef = 79EDC46328BBAB6E0061524A /* Assets.xcassets */; };
		79EDC46728BBAB6E0061524A /* LaunchScreen.storyboard in Resources */ = {isa = PBXBuildFile; fileRef = 79EDC46528BBAB6E0061524A /* LaunchScreen.storyboard */; };
		79EDC46F28BBAC600061524A /* OrderTableViewCell.swift in Sources */ = {isa = PBXBuildFile; fileRef = 79EDC46E28BBAC600061524A /* OrderTableViewCell.swift */; };
		79EDC47428BBACCC0061524A /* DataManager.swift in Sources */ = {isa = PBXBuildFile; fileRef = 79EDC47328BBACCC0061524A /* DataManager.swift */; };
		79EDC47628BBAD150061524A /* InfoModel.swift in Sources */ = {isa = PBXBuildFile; fileRef = 79EDC47528BBAD150061524A /* InfoModel.swift */; };
		79EDC47828BBCC2C0061524A /* ViewExtension.swift in Sources */ = {isa = PBXBuildFile; fileRef = 79EDC47728BBCC2C0061524A /* ViewExtension.swift */; };
/* End PBXBuildFile section */

/* Begin PBXContainerItemProxy section */
		79AC054228DD730000790053 /* PBXContainerItemProxy */ = {
			isa = PBXContainerItemProxy;
			containerPortal = 79EDC44F28BBAB6C0061524A /* Project object */;
			proxyType = 1;
			remoteGlobalIDString = 79AC053B28DD730000790053;
			remoteInfo = API;
		};
		79AC055928DD757900790053 /* PBXContainerItemProxy */ = {
			isa = PBXContainerItemProxy;
			containerPortal = 79EDC44F28BBAB6C0061524A /* Project object */;
			proxyType = 1;
			remoteGlobalIDString = 79AC055228DD757900790053;
			remoteInfo = APIRealted;
		};
		79AC056D28DD765000790053 /* PBXContainerItemProxy */ = {
			isa = PBXContainerItemProxy;
			containerPortal = 79EDC44F28BBAB6C0061524A /* Project object */;
			proxyType = 1;
			remoteGlobalIDString = 79AC056628DD765000790053;
			remoteInfo = MyAppUIKit;
		};
/* End PBXContainerItemProxy section */

/* Begin PBXCopyFilesBuildPhase section */
		79AC054928DD730000790053 /* Embed Frameworks */ = {
			isa = PBXCopyFilesBuildPhase;
			buildActionMask = 2147483647;
			dstPath = "";
			dstSubfolderSpec = 10;
			files = (
				79AC054528DD730000790053 /* API.framework in Embed Frameworks */,
				79AC055C28DD757900790053 /* APIRealted.framework in Embed Frameworks */,
				79AC057028DD765000790053 /* MyAppUIKit.framework in Embed Frameworks */,
			);
			name = "Embed Frameworks";
			runOnlyForDeploymentPostprocessing = 0;
		};
/* End PBXCopyFilesBuildPhase section */

/* Begin PBXFileReference section */
		7955C61328DD85E9007D62D1 /* P_ViewController.swift */ = {isa = PBXFileReference; lastKnownFileType = sourcecode.swift; path = P_ViewController.swift; sourceTree = "<group>"; };
		7955C61828DD8BCC007D62D1 /* DI_ViewController.swift */ = {isa = PBXFileReference; lastKnownFileType = sourcecode.swift; path = DI_ViewController.swift; sourceTree = "<group>"; };
		798A67BE28D052140018F9B8 /* PhoneNumbers.json */ = {isa = PBXFileReference; fileEncoding = 4; lastKnownFileType = text.json; path = PhoneNumbers.json; sourceTree = "<group>"; };
		798A67C028D054940018F9B8 /* Webservices.swift */ = {isa = PBXFileReference; lastKnownFileType = sourcecode.swift; path = Webservices.swift; sourceTree = "<group>"; };
		798A67C228D054C90018F9B8 /* Network.swift */ = {isa = PBXFileReference; lastKnownFileType = sourcecode.swift; path = Network.swift; sourceTree = "<group>"; };
		798A67C428D054D00018F9B8 /* NetworkError.swift */ = {isa = PBXFileReference; lastKnownFileType = sourcecode.swift; path = NetworkError.swift; sourceTree = "<group>"; };
		798A67C628D09F0A0018F9B8 /* Event.swift */ = {isa = PBXFileReference; lastKnownFileType = sourcecode.swift; path = Event.swift; sourceTree = "<group>"; };
		798A67C828D09F420018F9B8 /* PhoneNumbers.swift */ = {isa = PBXFileReference; lastKnownFileType = sourcecode.swift; path = PhoneNumbers.swift; sourceTree = "<group>"; };
		798A67CA28D0A3180018F9B8 /* PhoneNumberTableViewCell.swift */ = {isa = PBXFileReference; lastKnownFileType = sourcecode.swift; path = PhoneNumberTableViewCell.swift; sourceTree = "<group>"; };
		79AC053C28DD730000790053 /* API.framework */ = {isa = PBXFileReference; explicitFileType = wrapper.framework; includeInIndex = 0; path = API.framework; sourceTree = BUILT_PRODUCTS_DIR; };
		79AC053E28DD730000790053 /* API.h */ = {isa = PBXFileReference; lastKnownFileType = sourcecode.c.h; path = API.h; sourceTree = "<group>"; };
		79AC053F28DD730000790053 /* API.docc */ = {isa = PBXFileReference; lastKnownFileType = folder.documentationcatalog; path = API.docc; sourceTree = "<group>"; };
		79AC054C28DD742900790053 /* APICaller.swift */ = {isa = PBXFileReference; lastKnownFileType = sourcecode.swift; path = APICaller.swift; sourceTree = "<group>"; };
		79AC055328DD757900790053 /* APIRealted.framework */ = {isa = PBXFileReference; explicitFileType = wrapper.framework; includeInIndex = 0; path = APIRealted.framework; sourceTree = BUILT_PRODUCTS_DIR; };
		79AC056728DD765000790053 /* MyAppUIKit.framework */ = {isa = PBXFileReference; explicitFileType = wrapper.framework; includeInIndex = 0; path = MyAppUIKit.framework; sourceTree = BUILT_PRODUCTS_DIR; };
		79AC056928DD765000790053 /* MyAppUIKit.h */ = {isa = PBXFileReference; lastKnownFileType = sourcecode.c.h; path = MyAppUIKit.h; sourceTree = "<group>"; };
		79AC056A28DD765000790053 /* MyAppUIKit.docc */ = {isa = PBXFileReference; lastKnownFileType = folder.documentationcatalog; path = MyAppUIKit.docc; sourceTree = "<group>"; };
		79AC057428DD765E00790053 /* CoursesViewController.swift */ = {isa = PBXFileReference; lastKnownFileType = sourcecode.swift; path = CoursesViewController.swift; sourceTree = "<group>"; };
		79B3E9D228DB17F9007F0672 /* MVVM_ViewController.swift */ = {isa = PBXFileReference; lastKnownFileType = sourcecode.swift; path = MVVM_ViewController.swift; sourceTree = "<group>"; };
		79B3E9DA28DB18D0007F0672 /* APIService.swift */ = {isa = PBXFileReference; lastKnownFileType = sourcecode.swift; path = APIService.swift; sourceTree = "<group>"; };
		79B3E9DC28DB1907007F0672 /* Product.swift */ = {isa = PBXFileReference; lastKnownFileType = sourcecode.swift; path = Product.swift; sourceTree = "<group>"; };
		79B3E9DE28DB193A007F0672 /* ProductViewModel.swift */ = {isa = PBXFileReference; lastKnownFileType = sourcecode.swift; path = ProductViewModel.swift; sourceTree = "<group>"; };
		79B3E9E028DB197A007F0672 /* ProductTableViewDataSource.swift */ = {isa = PBXFileReference; lastKnownFileType = sourcecode.swift; path = ProductTableViewDataSource.swift; sourceTree = "<group>"; };
		79B3E9E228DB1997007F0672 /* ProductTableViewCell.swift */ = {isa = PBXFileReference; lastKnownFileType = sourcecode.swift; path = ProductTableViewCell.swift; sourceTree = "<group>"; };
		79B3E9E628DB1C89007F0672 /* Extension.swift */ = {isa = PBXFileReference; lastKnownFileType = sourcecode.swift; path = Extension.swift; sourceTree = "<group>"; };
		79B3E9EE28DBE527007F0672 /* MVC_ViewController.swift */ = {isa = PBXFileReference; lastKnownFileType = sourcecode.swift; path = MVC_ViewController.swift; sourceTree = "<group>"; };
		79B3E9F028DBE5C2007F0672 /* InputTextField.swift */ = {isa = PBXFileReference; lastKnownFileType = sourcecode.swift; path = InputTextField.swift; sourceTree = "<group>"; };
		79B3E9F228DBE662007F0672 /* LimitTextField.swift */ = {isa = PBXFileReference; lastKnownFileType = sourcecode.swift; path = LimitTextField.swift; sourceTree = "<group>"; };
		79B3E9F428DBE68F007F0672 /* PaddedTextField.swift */ = {isa = PBXFileReference; lastKnownFileType = sourcecode.swift; path = PaddedTextField.swift; sourceTree = "<group>"; };
		79B3E9F628DBEB78007F0672 /* ProductStackView.swift */ = {isa = PBXFileReference; lastKnownFileType = sourcecode.swift; path = ProductStackView.swift; sourceTree = "<group>"; };
		79B3E9FB28DC03FA007F0672 /* MVVM_ViewController_.swift */ = {isa = PBXFileReference; lastKnownFileType = sourcecode.swift; path = MVVM_ViewController_.swift; sourceTree = "<group>"; };
		79B3E9FE28DC0439007F0672 /* MVVM_ViewModel.swift */ = {isa = PBXFileReference; lastKnownFileType = sourcecode.swift; path = MVVM_ViewModel.swift; sourceTree = "<group>"; };
		79B3EA0128DC4EC9007F0672 /* UIControl_UITextField.swift */ = {isa = PBXFileReference; lastKnownFileType = sourcecode.swift; path = UIControl_UITextField.swift; sourceTree = "<group>"; };
		79EDC45728BBAB6C0061524A /* MVC_MVVM.app */ = {isa = PBXFileReference; explicitFileType = wrapper.application; includeInIndex = 0; path = MVC_MVVM.app; sourceTree = BUILT_PRODUCTS_DIR; };
		79EDC45A28BBAB6C0061524A /* AppDelegate.swift */ = {isa = PBXFileReference; lastKnownFileType = sourcecode.swift; path = AppDelegate.swift; sourceTree = "<group>"; };
		79EDC45C28BBAB6C0061524A /* SceneDelegate.swift */ = {isa = PBXFileReference; lastKnownFileType = sourcecode.swift; path = SceneDelegate.swift; sourceTree = "<group>"; };
		79EDC45E28BBAB6C0061524A /* ViewController.swift */ = {isa = PBXFileReference; lastKnownFileType = sourcecode.swift; path = ViewController.swift; sourceTree = "<group>"; };
		79EDC46128BBAB6C0061524A /* Base */ = {isa = PBXFileReference; lastKnownFileType = file.storyboard; name = Base; path = Base.lproj/Main.storyboard; sourceTree = "<group>"; };
		79EDC46328BBAB6E0061524A /* Assets.xcassets */ = {isa = PBXFileReference; lastKnownFileType = folder.assetcatalog; path = Assets.xcassets; sourceTree = "<group>"; };
		79EDC46628BBAB6E0061524A /* Base */ = {isa = PBXFileReference; lastKnownFileType = file.storyboard; name = Base; path = Base.lproj/LaunchScreen.storyboard; sourceTree = "<group>"; };
		79EDC46828BBAB6E0061524A /* Info.plist */ = {isa = PBXFileReference; lastKnownFileType = text.plist.xml; path = Info.plist; sourceTree = "<group>"; };
		79EDC46E28BBAC600061524A /* OrderTableViewCell.swift */ = {isa = PBXFileReference; lastKnownFileType = sourcecode.swift; path = OrderTableViewCell.swift; sourceTree = "<group>"; };
		79EDC47328BBACCC0061524A /* DataManager.swift */ = {isa = PBXFileReference; lastKnownFileType = sourcecode.swift; path = DataManager.swift; sourceTree = "<group>"; };
		79EDC47528BBAD150061524A /* InfoModel.swift */ = {isa = PBXFileReference; lastKnownFileType = sourcecode.swift; path = InfoModel.swift; sourceTree = "<group>"; };
		79EDC47728BBCC2C0061524A /* ViewExtension.swift */ = {isa = PBXFileReference; lastKnownFileType = sourcecode.swift; path = ViewExtension.swift; sourceTree = "<group>"; };
/* End PBXFileReference section */

/* Begin PBXFrameworksBuildPhase section */
		79AC053928DD730000790053 /* Frameworks */ = {
			isa = PBXFrameworksBuildPhase;
			buildActionMask = 2147483647;
			files = (
			);
			runOnlyForDeploymentPostprocessing = 0;
		};
		79AC055028DD757900790053 /* Frameworks */ = {
			isa = PBXFrameworksBuildPhase;
			buildActionMask = 2147483647;
			files = (
			);
			runOnlyForDeploymentPostprocessing = 0;
		};
		79AC056428DD765000790053 /* Frameworks */ = {
			isa = PBXFrameworksBuildPhase;
			buildActionMask = 2147483647;
			files = (
				7955C62028DD9351007D62D1 /* SnapKit in Frameworks */,
			);
			runOnlyForDeploymentPostprocessing = 0;
		};
		79EDC45428BBAB6C0061524A /* Frameworks */ = {
			isa = PBXFrameworksBuildPhase;
			buildActionMask = 2147483647;
			files = (
				79B3E9EA28DB1D95007F0672 /* SnapKit in Frameworks */,
				79AC056F28DD765000790053 /* MyAppUIKit.framework in Frameworks */,
				79AC055B28DD757900790053 /* APIRealted.framework in Frameworks */,
				79AC054428DD730000790053 /* API.framework in Frameworks */,
			);
			runOnlyForDeploymentPostprocessing = 0;
		};
/* End PBXFrameworksBuildPhase section */

/* Begin PBXGroup section */
		7955C61228DD85D6007D62D1 /* ViewController */ = {
			isa = PBXGroup;
			children = (
				79B3E9FB28DC03FA007F0672 /* MVVM_ViewController_.swift */,
				7955C61328DD85E9007D62D1 /* P_ViewController.swift */,
			);
			path = ViewController;
			sourceTree = "<group>";
		};
		7955C61A28DD8BFB007D62D1 /* DI */ = {
			isa = PBXGroup;
			children = (
				7955C61828DD8BCC007D62D1 /* DI_ViewController.swift */,
			);
			path = DI;
			sourceTree = "<group>";
		};
		7955C61E28DD9351007D62D1 /* Frameworks */ = {
			isa = PBXGroup;
			children = (
			);
			name = Frameworks;
			sourceTree = "<group>";
		};
		798A67BD28D052060018F9B8 /* Resources */ = {
			isa = PBXGroup;
			children = (
				798A67BE28D052140018F9B8 /* PhoneNumbers.json */,
			);
			path = Resources;
			sourceTree = "<group>";
		};
		798A67CC28D0AD990018F9B8 /* Extension */ = {
			isa = PBXGroup;
			children = (
				79EDC47728BBCC2C0061524A /* ViewExtension.swift */,
			);
			path = Extension;
			sourceTree = "<group>";
		};
		79AC053D28DD730000790053 /* API */ = {
			isa = PBXGroup;
			children = (
				79AC053E28DD730000790053 /* API.h */,
				79AC053F28DD730000790053 /* API.docc */,
				79AC054C28DD742900790053 /* APICaller.swift */,
			);
			path = API;
			sourceTree = "<group>";
		};
		79AC056828DD765000790053 /* MyAppUIKit */ = {
			isa = PBXGroup;
			children = (
				79AC056928DD765000790053 /* MyAppUIKit.h */,
				79AC056A28DD765000790053 /* MyAppUIKit.docc */,
				79AC057428DD765E00790053 /* CoursesViewController.swift */,
			);
			path = MyAppUIKit;
			sourceTree = "<group>";
		};
		79B3E9D128DB17E7007F0672 /* MVVM */ = {
			isa = PBXGroup;
			children = (
				79B3E9D928DB18C2007F0672 /* WebService */,
				79B3E9D828DB185A007F0672 /* MVVM_Model */,
				79B3E9D728DB180A007F0672 /* MVVM_View */,
				79B3E9D528DB1805007F0672 /* MVVM_ViewModel */,
				79B3E9D428DB17FF007F0672 /* MVVM_ViewController */,
			);
			path = MVVM;
			sourceTree = "<group>";
		};
		79B3E9D428DB17FF007F0672 /* MVVM_ViewController */ = {
			isa = PBXGroup;
			children = (
				79B3E9D228DB17F9007F0672 /* MVVM_ViewController.swift */,
			);
			path = MVVM_ViewController;
			sourceTree = "<group>";
		};
		79B3E9D528DB1805007F0672 /* MVVM_ViewModel */ = {
			isa = PBXGroup;
			children = (
				79B3E9DE28DB193A007F0672 /* ProductViewModel.swift */,
				79B3E9E028DB197A007F0672 /* ProductTableViewDataSource.swift */,
			);
			path = MVVM_ViewModel;
			sourceTree = "<group>";
		};
		79B3E9D728DB180A007F0672 /* MVVM_View */ = {
			isa = PBXGroup;
			children = (
				79B3E9E228DB1997007F0672 /* ProductTableViewCell.swift */,
			);
			path = MVVM_View;
			sourceTree = "<group>";
		};
		79B3E9D828DB185A007F0672 /* MVVM_Model */ = {
			isa = PBXGroup;
			children = (
				79B3E9DC28DB1907007F0672 /* Product.swift */,
			);
			path = MVVM_Model;
			sourceTree = "<group>";
		};
		79B3E9D928DB18C2007F0672 /* WebService */ = {
			isa = PBXGroup;
			children = (
				79B3E9DA28DB18D0007F0672 /* APIService.swift */,
			);
			path = WebService;
			sourceTree = "<group>";
		};
		79B3E9E528DB1C7E007F0672 /* Helper */ = {
			isa = PBXGroup;
			children = (
				79B3E9E628DB1C89007F0672 /* Extension.swift */,
			);
			path = Helper;
			sourceTree = "<group>";
		};
		79B3E9EC28DBE50F007F0672 /* MVC_MVVM_Compare */ = {
			isa = PBXGroup;
			children = (
				79B3E9FA28DC03DF007F0672 /* MVVM_Example */,
				79B3E9F928DC03DA007F0672 /* MVC_Example */,
			);
			path = MVC_MVVM_Compare;
			sourceTree = "<group>";
		};
		79B3E9ED28DBE513007F0672 /* ViewController */ = {
			isa = PBXGroup;
			children = (
				79B3E9EE28DBE527007F0672 /* MVC_ViewController.swift */,
			);
			path = ViewController;
			sourceTree = "<group>";
		};
		79B3E9F828DC0399007F0672 /* View */ = {
			isa = PBXGroup;
			children = (
				79B3E9F028DBE5C2007F0672 /* InputTextField.swift */,
				79B3E9F228DBE662007F0672 /* LimitTextField.swift */,
				79B3E9F428DBE68F007F0672 /* PaddedTextField.swift */,
				79B3E9F628DBEB78007F0672 /* ProductStackView.swift */,
			);
			path = View;
			sourceTree = "<group>";
		};
		79B3E9F928DC03DA007F0672 /* MVC_Example */ = {
			isa = PBXGroup;
			children = (
				79B3E9F828DC0399007F0672 /* View */,
				79B3E9ED28DBE513007F0672 /* ViewController */,
			);
			path = MVC_Example;
			sourceTree = "<group>";
		};
		79B3E9FA28DC03DF007F0672 /* MVVM_Example */ = {
			isa = PBXGroup;
			children = (
				7955C61228DD85D6007D62D1 /* ViewController */,
				79B3EA0028DC4EB6007F0672 /* Extension */,
				79B3E9FD28DC042A007F0672 /* ViewModel */,
			);
			path = MVVM_Example;
			sourceTree = "<group>";
		};
		79B3E9FD28DC042A007F0672 /* ViewModel */ = {
			isa = PBXGroup;
			children = (
				79B3E9FE28DC0439007F0672 /* MVVM_ViewModel.swift */,
			);
			path = ViewModel;
			sourceTree = "<group>";
		};
		79B3EA0028DC4EB6007F0672 /* Extension */ = {
			isa = PBXGroup;
			children = (
				79B3EA0128DC4EC9007F0672 /* UIControl_UITextField.swift */,
			);
			path = Extension;
			sourceTree = "<group>";
		};
		79EDC44E28BBAB6C0061524A = {
			isa = PBXGroup;
			children = (
				7955C61A28DD8BFB007D62D1 /* DI */,
				79B3E9EC28DBE50F007F0672 /* MVC_MVVM_Compare */,
				79B3E9E528DB1C7E007F0672 /* Helper */,
				79B3E9D128DB17E7007F0672 /* MVVM */,
				79EDC45928BBAB6C0061524A /* MVC_MVVM */,
				79AC056828DD765000790053 /* MyAppUIKit */,
				79AC053D28DD730000790053 /* API */,
				79EDC45828BBAB6C0061524A /* Products */,
				7955C61E28DD9351007D62D1 /* Frameworks */,
			);
			sourceTree = "<group>";
		};
		79EDC45828BBAB6C0061524A /* Products */ = {
			isa = PBXGroup;
			children = (
				79EDC45728BBAB6C0061524A /* MVC_MVVM.app */,
				79AC053C28DD730000790053 /* API.framework */,
				79AC055328DD757900790053 /* APIRealted.framework */,
				79AC056728DD765000790053 /* MyAppUIKit.framework */,
			);
			name = Products;
			sourceTree = "<group>";
		};
		79EDC45928BBAB6C0061524A /* MVC_MVVM */ = {
			isa = PBXGroup;
			children = (
				798A67BD28D052060018F9B8 /* Resources */,
				79EDC47228BBACBA0061524A /* ViewController */,
				79EDC47128BBACB20061524A /* View */,
				79EDC47028BBACB00061524A /* Model */,
				79EDC45A28BBAB6C0061524A /* AppDelegate.swift */,
				79EDC45C28BBAB6C0061524A /* SceneDelegate.swift */,
				79EDC46028BBAB6C0061524A /* Main.storyboard */,
				79EDC46328BBAB6E0061524A /* Assets.xcassets */,
				79EDC46528BBAB6E0061524A /* LaunchScreen.storyboard */,
				79EDC46828BBAB6E0061524A /* Info.plist */,
			);
			path = MVC_MVVM;
			sourceTree = "<group>";
		};
		79EDC47028BBACB00061524A /* Model */ = {
			isa = PBXGroup;
			children = (
				798A67CC28D0AD990018F9B8 /* Extension */,
				79EDC47328BBACCC0061524A /* DataManager.swift */,
				79EDC47528BBAD150061524A /* InfoModel.swift */,
				798A67C028D054940018F9B8 /* Webservices.swift */,
				798A67C228D054C90018F9B8 /* Network.swift */,
				798A67C428D054D00018F9B8 /* NetworkError.swift */,
				798A67C628D09F0A0018F9B8 /* Event.swift */,
				798A67C828D09F420018F9B8 /* PhoneNumbers.swift */,
			);
			path = Model;
			sourceTree = "<group>";
		};
		79EDC47128BBACB20061524A /* View */ = {
			isa = PBXGroup;
			children = (
				79EDC46E28BBAC600061524A /* OrderTableViewCell.swift */,
				798A67CA28D0A3180018F9B8 /* PhoneNumberTableViewCell.swift */,
			);
			path = View;
			sourceTree = "<group>";
		};
		79EDC47228BBACBA0061524A /* ViewController */ = {
			isa = PBXGroup;
			children = (
				79EDC45E28BBAB6C0061524A /* ViewController.swift */,
			);
			path = ViewController;
			sourceTree = "<group>";
		};
/* End PBXGroup section */

/* Begin PBXHeadersBuildPhase section */
		79AC053728DD730000790053 /* Headers */ = {
			isa = PBXHeadersBuildPhase;
			buildActionMask = 2147483647;
			files = (
				79AC054128DD730000790053 /* API.h in Headers */,
			);
			runOnlyForDeploymentPostprocessing = 0;
		};
		79AC054E28DD757900790053 /* Headers */ = {
			isa = PBXHeadersBuildPhase;
			buildActionMask = 2147483647;
			files = (
			);
			runOnlyForDeploymentPostprocessing = 0;
		};
		79AC056228DD765000790053 /* Headers */ = {
			isa = PBXHeadersBuildPhase;
			buildActionMask = 2147483647;
			files = (
				79AC056C28DD765000790053 /* MyAppUIKit.h in Headers */,
			);
			runOnlyForDeploymentPostprocessing = 0;
		};
/* End PBXHeadersBuildPhase section */

/* Begin PBXNativeTarget section */
		79AC053B28DD730000790053 /* API */ = {
			isa = PBXNativeTarget;
			buildConfigurationList = 79AC054628DD730000790053 /* Build configuration list for PBXNativeTarget "API" */;
			buildPhases = (
				79AC053728DD730000790053 /* Headers */,
				79AC053828DD730000790053 /* Sources */,
				79AC053928DD730000790053 /* Frameworks */,
				79AC053A28DD730000790053 /* Resources */,
			);
			buildRules = (
			);
			dependencies = (
			);
			name = API;
			productName = API;
			productReference = 79AC053C28DD730000790053 /* API.framework */;
			productType = "com.apple.product-type.framework";
		};
		79AC055228DD757900790053 /* APIRealted */ = {
			isa = PBXNativeTarget;
			buildConfigurationList = 79AC055D28DD757900790053 /* Build configuration list for PBXNativeTarget "APIRealted" */;
			buildPhases = (
				79AC054E28DD757900790053 /* Headers */,
				79AC054F28DD757900790053 /* Sources */,
				79AC055028DD757900790053 /* Frameworks */,
				79AC055128DD757900790053 /* Resources */,
			);
			buildRules = (
			);
			dependencies = (
			);
			name = APIRealted;
			productName = APIRealted;
			productReference = 79AC055328DD757900790053 /* APIRealted.framework */;
			productType = "com.apple.product-type.framework";
		};
		79AC056628DD765000790053 /* MyAppUIKit */ = {
			isa = PBXNativeTarget;
			buildConfigurationList = 79AC057128DD765000790053 /* Build configuration list for PBXNativeTarget "MyAppUIKit" */;
			buildPhases = (
				79AC056228DD765000790053 /* Headers */,
				79AC056328DD765000790053 /* Sources */,
				79AC056428DD765000790053 /* Frameworks */,
				79AC056528DD765000790053 /* Resources */,
			);
			buildRules = (
			);
			dependencies = (
			);
			name = MyAppUIKit;
			packageProductDependencies = (
				7955C61F28DD9351007D62D1 /* SnapKit */,
			);
			productName = MyAppUIKit;
			productReference = 79AC056728DD765000790053 /* MyAppUIKit.framework */;
			productType = "com.apple.product-type.framework";
		};
		79EDC45628BBAB6C0061524A /* MVC_MVVM */ = {
			isa = PBXNativeTarget;
			buildConfigurationList = 79EDC46B28BBAB6E0061524A /* Build configuration list for PBXNativeTarget "MVC_MVVM" */;
			buildPhases = (
				79EDC45328BBAB6C0061524A /* Sources */,
				79EDC45428BBAB6C0061524A /* Frameworks */,
				79EDC45528BBAB6C0061524A /* Resources */,
				79AC054928DD730000790053 /* Embed Frameworks */,
			);
			buildRules = (
			);
			dependencies = (
				79AC054328DD730000790053 /* PBXTargetDependency */,
				79AC055A28DD757900790053 /* PBXTargetDependency */,
				79AC056E28DD765000790053 /* PBXTargetDependency */,
			);
			name = MVC_MVVM;
			packageProductDependencies = (
				79B3E9E928DB1D95007F0672 /* SnapKit */,
			);
			productName = MVC_MVVM;
			productReference = 79EDC45728BBAB6C0061524A /* MVC_MVVM.app */;
			productType = "com.apple.product-type.application";
		};
/* End PBXNativeTarget section */

/* Begin PBXProject section */
		79EDC44F28BBAB6C0061524A /* Project object */ = {
			isa = PBXProject;
			attributes = {
				BuildIndependentTargetsInParallel = 1;
				LastSwiftUpdateCheck = 1330;
				LastUpgradeCheck = 1330;
				TargetAttributes = {
					79AC053B28DD730000790053 = {
						CreatedOnToolsVersion = 13.3.1;
					};
					79AC055228DD757900790053 = {
						CreatedOnToolsVersion = 13.3.1;
					};
					79AC056628DD765000790053 = {
						CreatedOnToolsVersion = 13.3.1;
					};
					79EDC45628BBAB6C0061524A = {
						CreatedOnToolsVersion = 13.3.1;
					};
				};
			};
			buildConfigurationList = 79EDC45228BBAB6C0061524A /* Build configuration list for PBXProject "MVC_MVVM" */;
			compatibilityVersion = "Xcode 13.0";
			developmentRegion = en;
			hasScannedForEncodings = 0;
			knownRegions = (
				en,
				Base,
			);
			mainGroup = 79EDC44E28BBAB6C0061524A;
			packageReferences = (
				79B3E9E828DB1D95007F0672 /* XCRemoteSwiftPackageReference "SnapKit" */,
			);
			productRefGroup = 79EDC45828BBAB6C0061524A /* Products */;
			projectDirPath = "";
			projectRoot = "";
			targets = (
				79EDC45628BBAB6C0061524A /* MVC_MVVM */,
				79AC053B28DD730000790053 /* API */,
				79AC055228DD757900790053 /* APIRealted */,
				79AC056628DD765000790053 /* MyAppUIKit */,
			);
		};
/* End PBXProject section */

/* Begin PBXResourcesBuildPhase section */
		79AC053A28DD730000790053 /* Resources */ = {
			isa = PBXResourcesBuildPhase;
			buildActionMask = 2147483647;
			files = (
			);
			runOnlyForDeploymentPostprocessing = 0;
		};
		79AC055128DD757900790053 /* Resources */ = {
			isa = PBXResourcesBuildPhase;
			buildActionMask = 2147483647;
			files = (
			);
			runOnlyForDeploymentPostprocessing = 0;
		};
		79AC056528DD765000790053 /* Resources */ = {
			isa = PBXResourcesBuildPhase;
			buildActionMask = 2147483647;
			files = (
			);
			runOnlyForDeploymentPostprocessing = 0;
		};
		79EDC45528BBAB6C0061524A /* Resources */ = {
			isa = PBXResourcesBuildPhase;
			buildActionMask = 2147483647;
			files = (
				798A67BF28D052140018F9B8 /* PhoneNumbers.json in Resources */,
				79EDC46728BBAB6E0061524A /* LaunchScreen.storyboard in Resources */,
				79EDC46428BBAB6E0061524A /* Assets.xcassets in Resources */,
				79EDC46228BBAB6C0061524A /* Main.storyboard in Resources */,
			);
			runOnlyForDeploymentPostprocessing = 0;
		};
/* End PBXResourcesBuildPhase section */

/* Begin PBXSourcesBuildPhase section */
		79AC053828DD730000790053 /* Sources */ = {
			isa = PBXSourcesBuildPhase;
			buildActionMask = 2147483647;
			files = (
				79AC054028DD730000790053 /* API.docc in Sources */,
				79AC054D28DD742900790053 /* APICaller.swift in Sources */,
			);
			runOnlyForDeploymentPostprocessing = 0;
		};
		79AC054F28DD757900790053 /* Sources */ = {
			isa = PBXSourcesBuildPhase;
			buildActionMask = 2147483647;
			files = (
			);
			runOnlyForDeploymentPostprocessing = 0;
		};
		79AC056328DD765000790053 /* Sources */ = {
			isa = PBXSourcesBuildPhase;
			buildActionMask = 2147483647;
			files = (
				79AC056B28DD765000790053 /* MyAppUIKit.docc in Sources */,
				79AC057528DD765E00790053 /* CoursesViewController.swift in Sources */,
			);
			runOnlyForDeploymentPostprocessing = 0;
		};
		79EDC45328BBAB6C0061524A /* Sources */ = {
			isa = PBXSourcesBuildPhase;
			buildActionMask = 2147483647;
			files = (
				79B3E9FF28DC0439007F0672 /* MVVM_ViewModel.swift in Sources */,
				79EDC47428BBACCC0061524A /* DataManager.swift in Sources */,
				79B3E9DB28DB18D0007F0672 /* APIService.swift in Sources */,
				79B3E9FC28DC03FA007F0672 /* MVVM_ViewController_.swift in Sources */,
				798A67C728D09F0A0018F9B8 /* Event.swift in Sources */,
				79B3E9E328DB1997007F0672 /* ProductTableViewCell.swift in Sources */,
				79EDC45F28BBAB6C0061524A /* ViewController.swift in Sources */,
				79EDC46F28BBAC600061524A /* OrderTableViewCell.swift in Sources */,
				7955C61428DD85E9007D62D1 /* P_ViewController.swift in Sources */,
				79EDC47628BBAD150061524A /* InfoModel.swift in Sources */,
				79EDC45B28BBAB6C0061524A /* AppDelegate.swift in Sources */,
				79B3E9EF28DBE527007F0672 /* MVC_ViewController.swift in Sources */,
				79B3E9F328DBE662007F0672 /* LimitTextField.swift in Sources */,
				798A67C328D054C90018F9B8 /* Network.swift in Sources */,
				798A67C928D09F420018F9B8 /* PhoneNumbers.swift in Sources */,
				79B3E9DD28DB1907007F0672 /* Product.swift in Sources */,
				79B3EA0228DC4EC9007F0672 /* UIControl_UITextField.swift in Sources */,
				79EDC45D28BBAB6C0061524A /* SceneDelegate.swift in Sources */,
				79B3E9DF28DB193A007F0672 /* ProductViewModel.swift in Sources */,
				79B3E9F128DBE5C2007F0672 /* InputTextField.swift in Sources */,
				798A67C128D054940018F9B8 /* Webservices.swift in Sources */,
				79B3E9D328DB17F9007F0672 /* MVVM_ViewController.swift in Sources */,
				79B3E9F728DBEB78007F0672 /* ProductStackView.swift in Sources */,
				79B3E9E728DB1C89007F0672 /* Extension.swift in Sources */,
				79B3E9F528DBE68F007F0672 /* PaddedTextField.swift in Sources */,
				7955C61928DD8BCC007D62D1 /* DI_ViewController.swift in Sources */,
				79EDC47828BBCC2C0061524A /* ViewExtension.swift in Sources */,
				798A67CB28D0A3180018F9B8 /* PhoneNumberTableViewCell.swift in Sources */,
				79B3E9E128DB197A007F0672 /* ProductTableViewDataSource.swift in Sources */,
				798A67C528D054D00018F9B8 /* NetworkError.swift in Sources */,
			);
			runOnlyForDeploymentPostprocessing = 0;
		};
/* End PBXSourcesBuildPhase section */

/* Begin PBXTargetDependency section */
		79AC054328DD730000790053 /* PBXTargetDependency */ = {
			isa = PBXTargetDependency;
			target = 79AC053B28DD730000790053 /* API */;
			targetProxy = 79AC054228DD730000790053 /* PBXContainerItemProxy */;
		};
		79AC055A28DD757900790053 /* PBXTargetDependency */ = {
			isa = PBXTargetDependency;
			target = 79AC055228DD757900790053 /* APIRealted */;
			targetProxy = 79AC055928DD757900790053 /* PBXContainerItemProxy */;
		};
		79AC056E28DD765000790053 /* PBXTargetDependency */ = {
			isa = PBXTargetDependency;
			target = 79AC056628DD765000790053 /* MyAppUIKit */;
			targetProxy = 79AC056D28DD765000790053 /* PBXContainerItemProxy */;
		};
/* End PBXTargetDependency section */

/* Begin PBXVariantGroup section */
		79EDC46028BBAB6C0061524A /* Main.storyboard */ = {
			isa = PBXVariantGroup;
			children = (
				79EDC46128BBAB6C0061524A /* Base */,
			);
			name = Main.storyboard;
			sourceTree = "<group>";
		};
		79EDC46528BBAB6E0061524A /* LaunchScreen.storyboard */ = {
			isa = PBXVariantGroup;
			children = (
				79EDC46628BBAB6E0061524A /* Base */,
			);
			name = LaunchScreen.storyboard;
			sourceTree = "<group>";
		};
/* End PBXVariantGroup section */

/* Begin XCBuildConfiguration section */
		79AC054728DD730000790053 /* Debug */ = {
			isa = XCBuildConfiguration;
			buildSettings = {
				CODE_SIGN_STYLE = Automatic;
				CURRENT_PROJECT_VERSION = 1;
				DEFINES_MODULE = YES;
				DEVELOPMENT_TEAM = H5PD3P95F5;
				DYLIB_COMPATIBILITY_VERSION = 1;
				DYLIB_CURRENT_VERSION = 1;
				DYLIB_INSTALL_NAME_BASE = "@rpath";
				GENERATE_INFOPLIST_FILE = YES;
				INFOPLIST_KEY_NSHumanReadableCopyright = "";
				INSTALL_PATH = "$(LOCAL_LIBRARY_DIR)/Frameworks";
				LD_RUNPATH_SEARCH_PATHS = (
					"$(inherited)",
					"@executable_path/Frameworks",
					"@loader_path/Frameworks",
				);
				MARKETING_VERSION = 1.0;
				PRODUCT_BUNDLE_IDENTIFIER = kyuWorld.API;
				PRODUCT_NAME = "$(TARGET_NAME:c99extidentifier)";
				SKIP_INSTALL = YES;
				SWIFT_EMIT_LOC_STRINGS = YES;
				SWIFT_VERSION = 5.0;
				TARGETED_DEVICE_FAMILY = "1,2";
				VERSIONING_SYSTEM = "apple-generic";
				VERSION_INFO_PREFIX = "";
			};
			name = Debug;
		};
		79AC054828DD730000790053 /* Release */ = {
			isa = XCBuildConfiguration;
			buildSettings = {
				CODE_SIGN_STYLE = Automatic;
				CURRENT_PROJECT_VERSION = 1;
				DEFINES_MODULE = YES;
				DEVELOPMENT_TEAM = H5PD3P95F5;
				DYLIB_COMPATIBILITY_VERSION = 1;
				DYLIB_CURRENT_VERSION = 1;
				DYLIB_INSTALL_NAME_BASE = "@rpath";
				GENERATE_INFOPLIST_FILE = YES;
				INFOPLIST_KEY_NSHumanReadableCopyright = "";
				INSTALL_PATH = "$(LOCAL_LIBRARY_DIR)/Frameworks";
				LD_RUNPATH_SEARCH_PATHS = (
					"$(inherited)",
					"@executable_path/Frameworks",
					"@loader_path/Frameworks",
				);
				MARKETING_VERSION = 1.0;
				PRODUCT_BUNDLE_IDENTIFIER = kyuWorld.API;
				PRODUCT_NAME = "$(TARGET_NAME:c99extidentifier)";
				SKIP_INSTALL = YES;
				SWIFT_EMIT_LOC_STRINGS = YES;
				SWIFT_VERSION = 5.0;
				TARGETED_DEVICE_FAMILY = "1,2";
				VERSIONING_SYSTEM = "apple-generic";
				VERSION_INFO_PREFIX = "";
			};
			name = Release;
		};
		79AC055E28DD757900790053 /* Debug */ = {
			isa = XCBuildConfiguration;
			buildSettings = {
				CODE_SIGN_STYLE = Automatic;
				CURRENT_PROJECT_VERSION = 1;
				DEFINES_MODULE = YES;
				DEVELOPMENT_TEAM = H5PD3P95F5;
				DYLIB_COMPATIBILITY_VERSION = 1;
				DYLIB_CURRENT_VERSION = 1;
				DYLIB_INSTALL_NAME_BASE = "@rpath";
				GENERATE_INFOPLIST_FILE = YES;
				INFOPLIST_KEY_NSHumanReadableCopyright = "";
				INSTALL_PATH = "$(LOCAL_LIBRARY_DIR)/Frameworks";
				LD_RUNPATH_SEARCH_PATHS = (
					"$(inherited)",
					"@executable_path/Frameworks",
					"@loader_path/Frameworks",
				);
				MARKETING_VERSION = 1.0;
				PRODUCT_BUNDLE_IDENTIFIER = kyuWorld.APIRealted;
				PRODUCT_NAME = "$(TARGET_NAME:c99extidentifier)";
				SKIP_INSTALL = YES;
				SWIFT_EMIT_LOC_STRINGS = YES;
				SWIFT_VERSION = 5.0;
				TARGETED_DEVICE_FAMILY = "1,2";
				VERSIONING_SYSTEM = "apple-generic";
				VERSION_INFO_PREFIX = "";
			};
			name = Debug;
		};
		79AC055F28DD757900790053 /* Release */ = {
			isa = XCBuildConfiguration;
			buildSettings = {
				CODE_SIGN_STYLE = Automatic;
				CURRENT_PROJECT_VERSION = 1;
				DEFINES_MODULE = YES;
				DEVELOPMENT_TEAM = H5PD3P95F5;
				DYLIB_COMPATIBILITY_VERSION = 1;
				DYLIB_CURRENT_VERSION = 1;
				DYLIB_INSTALL_NAME_BASE = "@rpath";
				GENERATE_INFOPLIST_FILE = YES;
				INFOPLIST_KEY_NSHumanReadableCopyright = "";
				INSTALL_PATH = "$(LOCAL_LIBRARY_DIR)/Frameworks";
				LD_RUNPATH_SEARCH_PATHS = (
					"$(inherited)",
					"@executable_path/Frameworks",
					"@loader_path/Frameworks",
				);
				MARKETING_VERSION = 1.0;
				PRODUCT_BUNDLE_IDENTIFIER = kyuWorld.APIRealted;
				PRODUCT_NAME = "$(TARGET_NAME:c99extidentifier)";
				SKIP_INSTALL = YES;
				SWIFT_EMIT_LOC_STRINGS = YES;
				SWIFT_VERSION = 5.0;
				TARGETED_DEVICE_FAMILY = "1,2";
				VERSIONING_SYSTEM = "apple-generic";
				VERSION_INFO_PREFIX = "";
			};
			name = Release;
		};
		79AC057228DD765000790053 /* Debug */ = {
			isa = XCBuildConfiguration;
			buildSettings = {
				CODE_SIGN_STYLE = Automatic;
				CURRENT_PROJECT_VERSION = 1;
				DEFINES_MODULE = YES;
				DEVELOPMENT_TEAM = H5PD3P95F5;
				DYLIB_COMPATIBILITY_VERSION = 1;
				DYLIB_CURRENT_VERSION = 1;
				DYLIB_INSTALL_NAME_BASE = "@rpath";
				GENERATE_INFOPLIST_FILE = YES;
				INFOPLIST_KEY_NSHumanReadableCopyright = "";
				INSTALL_PATH = "$(LOCAL_LIBRARY_DIR)/Frameworks";
				LD_RUNPATH_SEARCH_PATHS = (
					"$(inherited)",
					"@executable_path/Frameworks",
					"@loader_path/Frameworks",
				);
				MARKETING_VERSION = 1.0;
				PRODUCT_BUNDLE_IDENTIFIER = kyuWorld.MyAppUIKit;
				PRODUCT_NAME = "$(TARGET_NAME:c99extidentifier)";
				SKIP_INSTALL = YES;
				SWIFT_EMIT_LOC_STRINGS = YES;
				SWIFT_VERSION = 5.0;
				TARGETED_DEVICE_FAMILY = "1,2";
				VERSIONING_SYSTEM = "apple-generic";
				VERSION_INFO_PREFIX = "";
			};
			name = Debug;
		};
		79AC057328DD765000790053 /* Release */ = {
			isa = XCBuildConfiguration;
			buildSettings = {
				CODE_SIGN_STYLE = Automatic;
				CURRENT_PROJECT_VERSION = 1;
				DEFINES_MODULE = YES;
				DEVELOPMENT_TEAM = H5PD3P95F5;
				DYLIB_COMPATIBILITY_VERSION = 1;
				DYLIB_CURRENT_VERSION = 1;
				DYLIB_INSTALL_NAME_BASE = "@rpath";
				GENERATE_INFOPLIST_FILE = YES;
				INFOPLIST_KEY_NSHumanReadableCopyright = "";
				INSTALL_PATH = "$(LOCAL_LIBRARY_DIR)/Frameworks";
				LD_RUNPATH_SEARCH_PATHS = (
					"$(inherited)",
					"@executable_path/Frameworks",
					"@loader_path/Frameworks",
				);
				MARKETING_VERSION = 1.0;
				PRODUCT_BUNDLE_IDENTIFIER = kyuWorld.MyAppUIKit;
				PRODUCT_NAME = "$(TARGET_NAME:c99extidentifier)";
				SKIP_INSTALL = YES;
				SWIFT_EMIT_LOC_STRINGS = YES;
				SWIFT_VERSION = 5.0;
				TARGETED_DEVICE_FAMILY = "1,2";
				VERSIONING_SYSTEM = "apple-generic";
				VERSION_INFO_PREFIX = "";
			};
			name = Release;
		};
		79EDC46928BBAB6E0061524A /* Debug */ = {
			isa = XCBuildConfiguration;
			buildSettings = {
				ALWAYS_SEARCH_USER_PATHS = NO;
				CLANG_ANALYZER_NONNULL = YES;
				CLANG_ANALYZER_NUMBER_OBJECT_CONVERSION = YES_AGGRESSIVE;
				CLANG_CXX_LANGUAGE_STANDARD = "gnu++17";
				CLANG_ENABLE_MODULES = YES;
				CLANG_ENABLE_OBJC_ARC = YES;
				CLANG_ENABLE_OBJC_WEAK = YES;
				CLANG_WARN_BLOCK_CAPTURE_AUTORELEASING = YES;
				CLANG_WARN_BOOL_CONVERSION = YES;
				CLANG_WARN_COMMA = YES;
				CLANG_WARN_CONSTANT_CONVERSION = YES;
				CLANG_WARN_DEPRECATED_OBJC_IMPLEMENTATIONS = YES;
				CLANG_WARN_DIRECT_OBJC_ISA_USAGE = YES_ERROR;
				CLANG_WARN_DOCUMENTATION_COMMENTS = YES;
				CLANG_WARN_EMPTY_BODY = YES;
				CLANG_WARN_ENUM_CONVERSION = YES;
				CLANG_WARN_INFINITE_RECURSION = YES;
				CLANG_WARN_INT_CONVERSION = YES;
				CLANG_WARN_NON_LITERAL_NULL_CONVERSION = YES;
				CLANG_WARN_OBJC_IMPLICIT_RETAIN_SELF = YES;
				CLANG_WARN_OBJC_LITERAL_CONVERSION = YES;
				CLANG_WARN_OBJC_ROOT_CLASS = YES_ERROR;
				CLANG_WARN_QUOTED_INCLUDE_IN_FRAMEWORK_HEADER = YES;
				CLANG_WARN_RANGE_LOOP_ANALYSIS = YES;
				CLANG_WARN_STRICT_PROTOTYPES = YES;
				CLANG_WARN_SUSPICIOUS_MOVE = YES;
				CLANG_WARN_UNGUARDED_AVAILABILITY = YES_AGGRESSIVE;
				CLANG_WARN_UNREACHABLE_CODE = YES;
				CLANG_WARN__DUPLICATE_METHOD_MATCH = YES;
				COPY_PHASE_STRIP = NO;
				DEBUG_INFORMATION_FORMAT = dwarf;
				ENABLE_STRICT_OBJC_MSGSEND = YES;
				ENABLE_TESTABILITY = YES;
				GCC_C_LANGUAGE_STANDARD = gnu11;
				GCC_DYNAMIC_NO_PIC = NO;
				GCC_NO_COMMON_BLOCKS = YES;
				GCC_OPTIMIZATION_LEVEL = 0;
				GCC_PREPROCESSOR_DEFINITIONS = (
					"DEBUG=1",
					"$(inherited)",
				);
				GCC_WARN_64_TO_32_BIT_CONVERSION = YES;
				GCC_WARN_ABOUT_RETURN_TYPE = YES_ERROR;
				GCC_WARN_UNDECLARED_SELECTOR = YES;
				GCC_WARN_UNINITIALIZED_AUTOS = YES_AGGRESSIVE;
				GCC_WARN_UNUSED_FUNCTION = YES;
				GCC_WARN_UNUSED_VARIABLE = YES;
				IPHONEOS_DEPLOYMENT_TARGET = 15.4;
				MTL_ENABLE_DEBUG_INFO = INCLUDE_SOURCE;
				MTL_FAST_MATH = YES;
				ONLY_ACTIVE_ARCH = YES;
				SDKROOT = iphoneos;
				SWIFT_ACTIVE_COMPILATION_CONDITIONS = DEBUG;
				SWIFT_OPTIMIZATION_LEVEL = "-Onone";
			};
			name = Debug;
		};
		79EDC46A28BBAB6E0061524A /* Release */ = {
			isa = XCBuildConfiguration;
			buildSettings = {
				ALWAYS_SEARCH_USER_PATHS = NO;
				CLANG_ANALYZER_NONNULL = YES;
				CLANG_ANALYZER_NUMBER_OBJECT_CONVERSION = YES_AGGRESSIVE;
				CLANG_CXX_LANGUAGE_STANDARD = "gnu++17";
				CLANG_ENABLE_MODULES = YES;
				CLANG_ENABLE_OBJC_ARC = YES;
				CLANG_ENABLE_OBJC_WEAK = YES;
				CLANG_WARN_BLOCK_CAPTURE_AUTORELEASING = YES;
				CLANG_WARN_BOOL_CONVERSION = YES;
				CLANG_WARN_COMMA = YES;
				CLANG_WARN_CONSTANT_CONVERSION = YES;
				CLANG_WARN_DEPRECATED_OBJC_IMPLEMENTATIONS = YES;
				CLANG_WARN_DIRECT_OBJC_ISA_USAGE = YES_ERROR;
				CLANG_WARN_DOCUMENTATION_COMMENTS = YES;
				CLANG_WARN_EMPTY_BODY = YES;
				CLANG_WARN_ENUM_CONVERSION = YES;
				CLANG_WARN_INFINITE_RECURSION = YES;
				CLANG_WARN_INT_CONVERSION = YES;
				CLANG_WARN_NON_LITERAL_NULL_CONVERSION = YES;
				CLANG_WARN_OBJC_IMPLICIT_RETAIN_SELF = YES;
				CLANG_WARN_OBJC_LITERAL_CONVERSION = YES;
				CLANG_WARN_OBJC_ROOT_CLASS = YES_ERROR;
				CLANG_WARN_QUOTED_INCLUDE_IN_FRAMEWORK_HEADER = YES;
				CLANG_WARN_RANGE_LOOP_ANALYSIS = YES;
				CLANG_WARN_STRICT_PROTOTYPES = YES;
				CLANG_WARN_SUSPICIOUS_MOVE = YES;
				CLANG_WARN_UNGUARDED_AVAILABILITY = YES_AGGRESSIVE;
				CLANG_WARN_UNREACHABLE_CODE = YES;
				CLANG_WARN__DUPLICATE_METHOD_MATCH = YES;
				COPY_PHASE_STRIP = NO;
				DEBUG_INFORMATION_FORMAT = "dwarf-with-dsym";
				ENABLE_NS_ASSERTIONS = NO;
				ENABLE_STRICT_OBJC_MSGSEND = YES;
				GCC_C_LANGUAGE_STANDARD = gnu11;
				GCC_NO_COMMON_BLOCKS = YES;
				GCC_WARN_64_TO_32_BIT_CONVERSION = YES;
				GCC_WARN_ABOUT_RETURN_TYPE = YES_ERROR;
				GCC_WARN_UNDECLARED_SELECTOR = YES;
				GCC_WARN_UNINITIALIZED_AUTOS = YES_AGGRESSIVE;
				GCC_WARN_UNUSED_FUNCTION = YES;
				GCC_WARN_UNUSED_VARIABLE = YES;
				IPHONEOS_DEPLOYMENT_TARGET = 15.4;
				MTL_ENABLE_DEBUG_INFO = NO;
				MTL_FAST_MATH = YES;
				SDKROOT = iphoneos;
				SWIFT_COMPILATION_MODE = wholemodule;
				SWIFT_OPTIMIZATION_LEVEL = "-O";
				VALIDATE_PRODUCT = YES;
			};
			name = Release;
		};
		79EDC46C28BBAB6E0061524A /* Debug */ = {
			isa = XCBuildConfiguration;
			buildSettings = {
				ALWAYS_EMBED_SWIFT_STANDARD_LIBRARIES = YES;
				ASSETCATALOG_COMPILER_APPICON_NAME = AppIcon;
				ASSETCATALOG_COMPILER_GLOBAL_ACCENT_COLOR_NAME = AccentColor;
				CODE_SIGN_STYLE = Automatic;
				CURRENT_PROJECT_VERSION = 1;
				DEVELOPMENT_TEAM = H5PD3P95F5;
				GENERATE_INFOPLIST_FILE = YES;
				INFOPLIST_FILE = MVC_MVVM/Info.plist;
				INFOPLIST_KEY_UIApplicationSupportsIndirectInputEvents = YES;
				INFOPLIST_KEY_UILaunchStoryboardName = LaunchScreen;
				INFOPLIST_KEY_UIMainStoryboardFile = Main;
				INFOPLIST_KEY_UISupportedInterfaceOrientations_iPad = "UIInterfaceOrientationPortrait UIInterfaceOrientationPortraitUpsideDown UIInterfaceOrientationLandscapeLeft UIInterfaceOrientationLandscapeRight";
				INFOPLIST_KEY_UISupportedInterfaceOrientations_iPhone = "UIInterfaceOrientationPortrait UIInterfaceOrientationLandscapeLeft UIInterfaceOrientationLandscapeRight";
				LD_RUNPATH_SEARCH_PATHS = (
					"$(inherited)",
					"@executable_path/Frameworks",
				);
				MARKETING_VERSION = 1.0;
				PRODUCT_BUNDLE_IDENTIFIER = "kyuWorld.MVC-MVVM";
				PRODUCT_NAME = "$(TARGET_NAME)";
				SWIFT_EMIT_LOC_STRINGS = YES;
				SWIFT_VERSION = 5.0;
				TARGETED_DEVICE_FAMILY = "1,2";
			};
			name = Debug;
		};
		79EDC46D28BBAB6E0061524A /* Release */ = {
			isa = XCBuildConfiguration;
			buildSettings = {
				ALWAYS_EMBED_SWIFT_STANDARD_LIBRARIES = YES;
				ASSETCATALOG_COMPILER_APPICON_NAME = AppIcon;
				ASSETCATALOG_COMPILER_GLOBAL_ACCENT_COLOR_NAME = AccentColor;
				CODE_SIGN_STYLE = Automatic;
				CURRENT_PROJECT_VERSION = 1;
				DEVELOPMENT_TEAM = H5PD3P95F5;
				GENERATE_INFOPLIST_FILE = YES;
				INFOPLIST_FILE = MVC_MVVM/Info.plist;
				INFOPLIST_KEY_UIApplicationSupportsIndirectInputEvents = YES;
				INFOPLIST_KEY_UILaunchStoryboardName = LaunchScreen;
				INFOPLIST_KEY_UIMainStoryboardFile = Main;
				INFOPLIST_KEY_UISupportedInterfaceOrientations_iPad = "UIInterfaceOrientationPortrait UIInterfaceOrientationPortraitUpsideDown UIInterfaceOrientationLandscapeLeft UIInterfaceOrientationLandscapeRight";
				INFOPLIST_KEY_UISupportedInterfaceOrientations_iPhone = "UIInterfaceOrientationPortrait UIInterfaceOrientationLandscapeLeft UIInterfaceOrientationLandscapeRight";
				LD_RUNPATH_SEARCH_PATHS = (
					"$(inherited)",
					"@executable_path/Frameworks",
				);
				MARKETING_VERSION = 1.0;
				PRODUCT_BUNDLE_IDENTIFIER = "kyuWorld.MVC-MVVM";
				PRODUCT_NAME = "$(TARGET_NAME)";
				SWIFT_EMIT_LOC_STRINGS = YES;
				SWIFT_VERSION = 5.0;
				TARGETED_DEVICE_FAMILY = "1,2";
			};
			name = Release;
		};
/* End XCBuildConfiguration section */

/* Begin XCConfigurationList section */
		79AC054628DD730000790053 /* Build configuration list for PBXNativeTarget "API" */ = {
			isa = XCConfigurationList;
			buildConfigurations = (
				79AC054728DD730000790053 /* Debug */,
				79AC054828DD730000790053 /* Release */,
			);
			defaultConfigurationIsVisible = 0;
			defaultConfigurationName = Release;
		};
		79AC055D28DD757900790053 /* Build configuration list for PBXNativeTarget "APIRealted" */ = {
			isa = XCConfigurationList;
			buildConfigurations = (
				79AC055E28DD757900790053 /* Debug */,
				79AC055F28DD757900790053 /* Release */,
			);
			defaultConfigurationIsVisible = 0;
			defaultConfigurationName = Release;
		};
		79AC057128DD765000790053 /* Build configuration list for PBXNativeTarget "MyAppUIKit" */ = {
			isa = XCConfigurationList;
			buildConfigurations = (
				79AC057228DD765000790053 /* Debug */,
				79AC057328DD765000790053 /* Release */,
			);
			defaultConfigurationIsVisible = 0;
			defaultConfigurationName = Release;
		};
		79EDC45228BBAB6C0061524A /* Build configuration list for PBXProject "MVC_MVVM" */ = {
			isa = XCConfigurationList;
			buildConfigurations = (
				79EDC46928BBAB6E0061524A /* Debug */,
				79EDC46A28BBAB6E0061524A /* Release */,
			);
			defaultConfigurationIsVisible = 0;
			defaultConfigurationName = Release;
		};
		79EDC46B28BBAB6E0061524A /* Build configuration list for PBXNativeTarget "MVC_MVVM" */ = {
			isa = XCConfigurationList;
			buildConfigurations = (
				79EDC46C28BBAB6E0061524A /* Debug */,
				79EDC46D28BBAB6E0061524A /* Release */,
			);
			defaultConfigurationIsVisible = 0;
			defaultConfigurationName = Release;
		};
/* End XCConfigurationList section */

/* Begin XCRemoteSwiftPackageReference section */
		79B3E9E828DB1D95007F0672 /* XCRemoteSwiftPackageReference "SnapKit" */ = {
			isa = XCRemoteSwiftPackageReference;
			repositoryURL = "https://github.com/SnapKit/SnapKit.git";
			requirement = {
				kind = upToNextMajorVersion;
				minimumVersion = 5.0.0;
			};
		};
/* End XCRemoteSwiftPackageReference section */

/* Begin XCSwiftPackageProductDependency section */
		7955C61F28DD9351007D62D1 /* SnapKit */ = {
			isa = XCSwiftPackageProductDependency;
			package = 79B3E9E828DB1D95007F0672 /* XCRemoteSwiftPackageReference "SnapKit" */;
			productName = SnapKit;
		};
		79B3E9E928DB1D95007F0672 /* SnapKit */ = {
			isa = XCSwiftPackageProductDependency;
			package = 79B3E9E828DB1D95007F0672 /* XCRemoteSwiftPackageReference "SnapKit" */;
			productName = SnapKit;
		};
/* End XCSwiftPackageProductDependency section */
	};
	rootObject = 79EDC44F28BBAB6C0061524A /* Project object */;
}
